
Microsoft Visual Studio Solution File, Format Version 12.00
# Visual Studio 15
Project("{FAE04EC0-301F-11D3-BF4B-00C04F79EFBC}") = "CrashCourse2020ExercisesDayOne", "CrashCourse2020ExercisesDayOne.csproj", "{29FD0F01-8645-4049-8EA8-BDA02DF22CEA}"
EndProject
Global
	GlobalSection(SolutionConfigurationPlatforms) = preSolution
		Debug|Any CPU = Debug|Any CPU
		Release|Any CPU = Release|Any CPU
	EndGlobalSection
	GlobalSection(ProjectConfigurationPlatforms) = postSolution
		{29FD0F01-8645-4049-8EA8-BDA02DF22CEA}.Debug|Any CPU.ActiveCfg = Debug|Any CPU
		{29FD0F01-8645-4049-8EA8-BDA02DF22CEA}.Debug|Any CPU.Build.0 = Debug|Any CPU
		{29FD0F01-8645-4049-8EA8-BDA02DF22CEA}.Release|Any CPU.ActiveCfg = Release|Any CPU
		{29FD0F01-8645-4049-8EA8-BDA02DF22CEA}.Release|Any CPU.Build.0 = Release|Any CPU
	EndGlobalSection
EndGlobal
